
Microsoft Visual Studio Solution File, Format Version 12.00
# Visual Studio Version 17
VisualStudioVersion = 17.9.34701.34
MinimumVisualStudioVersion = 10.0.40219.1
Project("{F14B399A-7131-4C87-9E4B-1186C45EF12D}") = "Project_SSRS", "Project_SSRS\Project_SSRS.rptproj", "{068E1BD3-D307-4EEA-95D2-2DEAB5D392AA}"
EndProject
Global
	GlobalSection(SolutionConfigurationPlatforms) = preSolution
		Debug|Default = Debug|Default
		DebugLocal|Default = DebugLocal|Default
		Release|Default = Release|Default
	EndGlobalSection
	GlobalSection(ProjectConfigurationPlatforms) = postSolution
		{068E1BD3-D307-4EEA-95D2-2DEAB5D392AA}.Debug|Default.ActiveCfg = Debug
		{068E1BD3-D307-4EEA-95D2-2DEAB5D392AA}.Debug|Default.Build.0 = Debug
		{068E1BD3-D307-4EEA-95D2-2DEAB5D392AA}.Debug|Default.Deploy.0 = Debug
		{068E1BD3-D307-4EEA-95D2-2DEAB5D392AA}.DebugLocal|Default.ActiveCfg = DebugLocal
		{068E1BD3-D307-4EEA-95D2-2DEAB5D392AA}.DebugLocal|Default.Build.0 = DebugLocal
		{068E1BD3-D307-4EEA-95D2-2DEAB5D392AA}.Release|Default.ActiveCfg = Release
		{068E1BD3-D307-4EEA-95D2-2DEAB5D392AA}.Release|Default.Build.0 = Release
		{068E1BD3-D307-4EEA-95D2-2DEAB5D392AA}.Release|Default.Deploy.0 = Release
	EndGlobalSection
	GlobalSection(SolutionProperties) = preSolution
		HideSolutionNode = FALSE
	EndGlobalSection
	GlobalSection(ExtensibilityGlobals) = postSolution
		SolutionGuid = {0214F867-26C6-46AA-9C92-D7834379434A}
	EndGlobalSection
EndGlobal
